
Microsoft Visual Studio Solution File, Format Version 12.00
# Visual Studio Version 17
VisualStudioVersion = 17.14.37216.2 d17.14
MinimumVisualStudioVersion = 10.0.40219.1
Project("{FAE04EC0-301F-11D3-BF4B-00C04F79EFBC}") = "UserAPI", "UserAPI\UserAPI.csproj", "{666B464D-4EC9-4D10-B5CE-B577954F6E86}"
EndProject
Project("{FAE04EC0-301F-11D3-BF4B-00C04F79EFBC}") = "UserAPI.Core", "UserAPI.Data\UserAPI.Core.csproj", "{145F8EC1-E009-4354-96A5-67C9E150449E}"
EndProject
Project("{FAE04EC0-301F-11D3-BF4B-00C04F79EFBC}") = "UserAPI.DataAccess", "UserAPI.DataAccess\UserAPI.DataAccess.csproj", "{2AD062DC-10C6-468D-8ED9-A4C42954936F}"
EndProject
Global
	GlobalSection(SolutionConfigurationPlatforms) = preSolution
		Debug|Any CPU = Debug|Any CPU
		Release|Any CPU = Release|Any CPU
	EndGlobalSection
	GlobalSection(ProjectConfigurationPlatforms) = postSolution
		{666B464D-4EC9-4D10-B5CE-B577954F6E86}.Debug|Any CPU.ActiveCfg = Debug|Any CPU
		{666B464D-4EC9-4D10-B5CE-B577954F6E86}.Debug|Any CPU.Build.0 = Debug|Any CPU
		{666B464D-4EC9-4D10-B5CE-B577954F6E86}.Release|Any CPU.ActiveCfg = Release|Any CPU
		{666B464D-4EC9-4D10-B5CE-B577954F6E86}.Release|Any CPU.Build.0 = Release|Any CPU
		{145F8EC1-E009-4354-96A5-67C9E150449E}.Debug|Any CPU.ActiveCfg = Debug|Any CPU
		{145F8EC1-E009-4354-96A5-67C9E150449E}.Debug|Any CPU.Build.0 = Debug|Any CPU
		{145F8EC1-E009-4354-96A5-67C9E150449E}.Release|Any CPU.ActiveCfg = Release|Any CPU
		{145F8EC1-E009-4354-96A5-67C9E150449E}.Release|Any CPU.Build.0 = Release|Any CPU
		{2AD062DC-10C6-468D-8ED9-A4C42954936F}.Debug|Any CPU.ActiveCfg = Debug|Any CPU
		{2AD062DC-10C6-468D-8ED9-A4C42954936F}.Debug|Any CPU.Build.0 = Debug|Any CPU
		{2AD062DC-10C6-468D-8ED9-A4C42954936F}.Release|Any CPU.ActiveCfg = Release|Any CPU
		{2AD062DC-10C6-468D-8ED9-A4C42954936F}.Release|Any CPU.Build.0 = Release|Any CPU
	EndGlobalSection
	GlobalSection(SolutionProperties) = preSolution
		HideSolutionNode = FALSE
	EndGlobalSection
	GlobalSection(ExtensibilityGlobals) = postSolution
		SolutionGuid = {626B8D07-6C2B-4B99-B28B-3FD9BEBC3093}
	EndGlobalSection
EndGlobal
